
Microsoft Visual Studio Solution File, Format Version 12.00
# Visual Studio Version 16
VisualStudioVersion = 16.0.31005.135
MinimumVisualStudioVersion = 10.0.40219.1
Project("{FAE04EC0-301F-11D3-BF4B-00C04F79EFBC}") = "ClassMetotDemo", "ClassMetotDemo\ClassMetotDemo.csproj", "{83D9CF93-9906-4CF8-AA6D-DB83800F4C6C}"
EndProject
Global
	GlobalSection(SolutionConfigurationPlatforms) = preSolution
		Debug|Any CPU = Debug|Any CPU
		Release|Any CPU = Release|Any CPU
	EndGlobalSection
	GlobalSection(ProjectConfigurationPlatforms) = postSolution
		{83D9CF93-9906-4CF8-AA6D-DB83800F4C6C}.Debug|Any CPU.ActiveCfg = Debug|Any CPU
		{83D9CF93-9906-4CF8-AA6D-DB83800F4C6C}.Debug|Any CPU.Build.0 = Debug|Any CPU
		{83D9CF93-9906-4CF8-AA6D-DB83800F4C6C}.Release|Any CPU.ActiveCfg = Release|Any CPU
		{83D9CF93-9906-4CF8-AA6D-DB83800F4C6C}.Release|Any CPU.Build.0 = Release|Any CPU
	EndGlobalSection
	GlobalSection(SolutionProperties) = preSolution
		HideSolutionNode = FALSE
	EndGlobalSection
	GlobalSection(ExtensibilityGlobals) = postSolution
		SolutionGuid = {146079D0-B9AC-48A1-A3EA-624D6362EBCF}
	EndGlobalSection
EndGlobal
